
Microsoft Visual Studio Solution File, Format Version 12.00
# Visual Studio Version 16
VisualStudioVersion = 16.0.31613.86
MinimumVisualStudioVersion = 10.0.40219.1
Project("{FAE04EC0-301F-11D3-BF4B-00C04F79EFBC}") = "VNShop", "VNShop\VNShop.csproj", "{8C649E32-E228-459E-977C-C93C50EF7C04}"
EndProject
Project("{54435603-DBB4-11D2-8724-00A0C9A8B90C}") = "Setup", "Setup\Setup.vdproj", "{6DE8BC14-D014-4C0E-83E0-45E5686EF825}"
EndProject
Project("{9A19103F-16F7-4668-BE54-9A1E7A4F7556}") = "VNSHOP.Data", "VNSHOP.Data\VNSHOP.Data.csproj", "{6B88D785-540B-4903-AD46-82724AF87296}"
EndProject
Global
	GlobalSection(SolutionConfigurationPlatforms) = preSolution
		Debug|Any CPU = Debug|Any CPU
		Release|Any CPU = Release|Any CPU
	EndGlobalSection
	GlobalSection(ProjectConfigurationPlatforms) = postSolution
		{8C649E32-E228-459E-977C-C93C50EF7C04}.Debug|Any CPU.ActiveCfg = Debug|Any CPU
		{8C649E32-E228-459E-977C-C93C50EF7C04}.Debug|Any CPU.Build.0 = Debug|Any CPU
		{8C649E32-E228-459E-977C-C93C50EF7C04}.Release|Any CPU.ActiveCfg = Release|Any CPU
		{8C649E32-E228-459E-977C-C93C50EF7C04}.Release|Any CPU.Build.0 = Release|Any CPU
		{6DE8BC14-D014-4C0E-83E0-45E5686EF825}.Debug|Any CPU.ActiveCfg = Debug
		{6DE8BC14-D014-4C0E-83E0-45E5686EF825}.Release|Any CPU.ActiveCfg = Release
		{6B88D785-540B-4903-AD46-82724AF87296}.Debug|Any CPU.ActiveCfg = Debug|Any CPU
		{6B88D785-540B-4903-AD46-82724AF87296}.Debug|Any CPU.Build.0 = Debug|Any CPU
		{6B88D785-540B-4903-AD46-82724AF87296}.Release|Any CPU.ActiveCfg = Release|Any CPU
		{6B88D785-540B-4903-AD46-82724AF87296}.Release|Any CPU.Build.0 = Release|Any CPU
	EndGlobalSection
	GlobalSection(SolutionProperties) = preSolution
		HideSolutionNode = FALSE
	EndGlobalSection
	GlobalSection(ExtensibilityGlobals) = postSolution
		SolutionGuid = {D8935A51-E0CA-4773-A34E-304E6A99CEF7}
	EndGlobalSection
EndGlobal
