
Microsoft Visual Studio Solution File, Format Version 12.00
# Visual Studio Version 16
VisualStudioVersion = 16.0.31613.86
MinimumVisualStudioVersion = 10.0.40219.1
Project("{FAE04EC0-301F-11D3-BF4B-00C04F79EFBC}") = "VNShop", "VNShop\VNShop.csproj", "{8C649E32-E228-459E-977C-C93C50EF7C04}"
EndProject
Project("{54435603-DBB4-11D2-8724-00A0C9A8B90C}") = "Setup", "Setup\Setup.vdproj", "{6DE8BC14-D014-4C0E-83E0-45E5686EF825}"
EndProject
Project("{FAE04EC0-301F-11D3-BF4B-00C04F79EFBC}") = "VNSHOP.Web", "VNSHOP.Web\VNSHOP.Web.csproj", "{AAE1DE6A-1048-41B3-A40D-DAB182F45E95}"
EndProject
Global
	GlobalSection(SolutionConfigurationPlatforms) = preSolution
		Debug|Any CPU = Debug|Any CPU
		Release|Any CPU = Release|Any CPU
	EndGlobalSection
	GlobalSection(ProjectConfigurationPlatforms) = postSolution
		{8C649E32-E228-459E-977C-C93C50EF7C04}.Debug|Any CPU.ActiveCfg = Debug|Any CPU
		{8C649E32-E228-459E-977C-C93C50EF7C04}.Debug|Any CPU.Build.0 = Debug|Any CPU
		{8C649E32-E228-459E-977C-C93C50EF7C04}.Release|Any CPU.ActiveCfg = Release|Any CPU
		{8C649E32-E228-459E-977C-C93C50EF7C04}.Release|Any CPU.Build.0 = Release|Any CPU
		{6DE8BC14-D014-4C0E-83E0-45E5686EF825}.Debug|Any CPU.ActiveCfg = Debug
		{6DE8BC14-D014-4C0E-83E0-45E5686EF825}.Release|Any CPU.ActiveCfg = Release
		{AAE1DE6A-1048-41B3-A40D-DAB182F45E95}.Debug|Any CPU.ActiveCfg = Debug|Any CPU
		{AAE1DE6A-1048-41B3-A40D-DAB182F45E95}.Debug|Any CPU.Build.0 = Debug|Any CPU
		{AAE1DE6A-1048-41B3-A40D-DAB182F45E95}.Release|Any CPU.ActiveCfg = Release|Any CPU
		{AAE1DE6A-1048-41B3-A40D-DAB182F45E95}.Release|Any CPU.Build.0 = Release|Any CPU
	EndGlobalSection
	GlobalSection(SolutionProperties) = preSolution
		HideSolutionNode = FALSE
	EndGlobalSection
	GlobalSection(ExtensibilityGlobals) = postSolution
		SolutionGuid = {D8935A51-E0CA-4773-A34E-304E6A99CEF7}
	EndGlobalSection
EndGlobal
